// !$*UTF8*$!
{
	archiveVersion = 1;
	classes = {
	};
	objectVersion = 55;
	objects = {

/* Begin PBXBuildFile section */
		AC4AC38427AA2A4A0014542C /* BookManager.swift in Sources */ = {isa = PBXBuildFile; fileRef = AC4AC38327AA2A4A0014542C /* BookManager.swift */; };
		AC4AC38627AA2A8E0014542C /* BookModel.swift in Sources */ = {isa = PBXBuildFile; fileRef = AC4AC38527AA2A8E0014542C /* BookModel.swift */; };
		AC4AC38827AA2AAD0014542C /* BookData.swift in Sources */ = {isa = PBXBuildFile; fileRef = AC4AC38727AA2AAD0014542C /* BookData.swift */; };
		AC9E772427B0AF2800B7C408 /* author.swift in Sources */ = {isa = PBXBuildFile; fileRef = AC9E772327B0AF2700B7C408 /* author.swift */; };
		AC9E772827B0D32F00B7C408 /* CharactersModel.swift in Sources */ = {isa = PBXBuildFile; fileRef = AC9E772727B0D32F00B7C408 /* CharactersModel.swift */; };
		AC9E772C27B0D7CB00B7C408 /* CharacterData.swift in Sources */ = {isa = PBXBuildFile; fileRef = AC9E772B27B0D7CB00B7C408 /* CharacterData.swift */; };
		AC9E773027B0D8AF00B7C408 /* houseModel.swift in Sources */ = {isa = PBXBuildFile; fileRef = AC9E772F27B0D8AF00B7C408 /* houseModel.swift */; };
		ACCCD7DA279C8199007F4379 /* AppDelegate.swift in Sources */ = {isa = PBXBuildFile; fileRef = ACCCD7D9279C8199007F4379 /* AppDelegate.swift */; };
		ACCCD7DC279C8199007F4379 /* SceneDelegate.swift in Sources */ = {isa = PBXBuildFile; fileRef = ACCCD7DB279C8199007F4379 /* SceneDelegate.swift */; };
		ACCCD7DE279C8199007F4379 /* ViewController.swift in Sources */ = {isa = PBXBuildFile; fileRef = ACCCD7DD279C8199007F4379 /* ViewController.swift */; };
		ACCCD7E1279C8199007F4379 /* Main.storyboard in Resources */ = {isa = PBXBuildFile; fileRef = ACCCD7DF279C8199007F4379 /* Main.storyboard */; };
		ACCCD7E3279C819B007F4379 /* Assets.xcassets in Resources */ = {isa = PBXBuildFile; fileRef = ACCCD7E2279C819B007F4379 /* Assets.xcassets */; };
		ACCCD7E6279C819B007F4379 /* LaunchScreen.storyboard in Resources */ = {isa = PBXBuildFile; fileRef = ACCCD7E4279C819B007F4379 /* LaunchScreen.storyboard */; };
		ACCCD7F2279C85E4007F4379 /* utils.swift in Sources */ = {isa = PBXBuildFile; fileRef = ACCCD7F1279C85E4007F4379 /* utils.swift */; };
		ACECC250279CE71B007F16C2 /* RegisterViewController.swift in Sources */ = {isa = PBXBuildFile; fileRef = ACECC24F279CE71B007F16C2 /* RegisterViewController.swift */; };
		ACECC252279CE766007F16C2 /* headerImageSetter.swift in Sources */ = {isa = PBXBuildFile; fileRef = ACECC251279CE766007F16C2 /* headerImageSetter.swift */; };
		ACECC256279F3A99007F16C2 /* UsersModel.swift in Sources */ = {isa = PBXBuildFile; fileRef = ACECC255279F3A99007F16C2 /* UsersModel.swift */; };
		ACECC258279F3AAC007F16C2 /* Books.swift in Sources */ = {isa = PBXBuildFile; fileRef = ACECC257279F3AAC007F16C2 /* Books.swift */; };
		ACECC25A279F4EB1007F16C2 /* userDataBase.swift in Sources */ = {isa = PBXBuildFile; fileRef = ACECC259279F4EB0007F16C2 /* userDataBase.swift */; };
		ACECC2C3279F86EF007F16C2 /* LibraryViewController.swift in Sources */ = {isa = PBXBuildFile; fileRef = ACECC2C2279F86EE007F16C2 /* LibraryViewController.swift */; };
		ACECC2CA279FAD49007F16C2 /* BookViewController.swift in Sources */ = {isa = PBXBuildFile; fileRef = ACECC2C9279FAD49007F16C2 /* BookViewController.swift */; };
		ACECC2CD27A0513D007F16C2 /* LibraryCollectionCell.swift in Sources */ = {isa = PBXBuildFile; fileRef = ACECC2CC27A0513D007F16C2 /* LibraryCollectionCell.swift */; };
		ACECC2CF27A0522B007F16C2 /* libraryDataBase.swift in Sources */ = {isa = PBXBuildFile; fileRef = ACECC2CE27A0522A007F16C2 /* libraryDataBase.swift */; };
		ACECC2D127A081D5007F16C2 /* CategoriasCell.swift in Sources */ = {isa = PBXBuildFile; fileRef = ACECC2D027A081D5007F16C2 /* CategoriasCell.swift */; };
		ACFA37EA27B17E6B00177CA3 /* HPManager.swift in Sources */ = {isa = PBXBuildFile; fileRef = ACFA37E927B17E6B00177CA3 /* HPManager.swift */; };
		ACFA37EC27B19F3C00177CA3 /* charactersCell.swift in Sources */ = {isa = PBXBuildFile; fileRef = ACFA37EB27B19F3C00177CA3 /* charactersCell.swift */; };
		ACFA37EE27B1B9BE00177CA3 /* File.swift in Sources */ = {isa = PBXBuildFile; fileRef = ACFA37ED27B1B9BE00177CA3 /* File.swift */; };
		ACFA37F027B3447200177CA3 /* HouseManager.swift in Sources */ = {isa = PBXBuildFile; fileRef = ACFA37EF27B3447200177CA3 /* HouseManager.swift */; };
/* End PBXBuildFile section */

/* Begin PBXFileReference section */
		AC4AC38327AA2A4A0014542C /* BookManager.swift */ = {isa = PBXFileReference; lastKnownFileType = sourcecode.swift; path = BookManager.swift; sourceTree = "<group>"; };
		AC4AC38527AA2A8E0014542C /* BookModel.swift */ = {isa = PBXFileReference; lastKnownFileType = sourcecode.swift; path = BookModel.swift; sourceTree = "<group>"; };
		AC4AC38727AA2AAD0014542C /* BookData.swift */ = {isa = PBXFileReference; lastKnownFileType = sourcecode.swift; path = BookData.swift; sourceTree = "<group>"; };
		AC9E772327B0AF2700B7C408 /* author.swift */ = {isa = PBXFileReference; lastKnownFileType = sourcecode.swift; path = author.swift; sourceTree = "<group>"; };
		AC9E772727B0D32F00B7C408 /* CharactersModel.swift */ = {isa = PBXFileReference; lastKnownFileType = sourcecode.swift; path = CharactersModel.swift; sourceTree = "<group>"; };
		AC9E772B27B0D7CB00B7C408 /* CharacterData.swift */ = {isa = PBXFileReference; lastKnownFileType = sourcecode.swift; path = CharacterData.swift; sourceTree = "<group>"; };
		AC9E772F27B0D8AF00B7C408 /* houseModel.swift */ = {isa = PBXFileReference; lastKnownFileType = sourcecode.swift; path = houseModel.swift; sourceTree = "<group>"; };
		ACCCD7D6279C8199007F4379 /* BookChallengue.app */ = {isa = PBXFileReference; explicitFileType = wrapper.application; includeInIndex = 0; path = BookChallengue.app; sourceTree = BUILT_PRODUCTS_DIR; };
		ACCCD7D9279C8199007F4379 /* AppDelegate.swift */ = {isa = PBXFileReference; lastKnownFileType = sourcecode.swift; path = AppDelegate.swift; sourceTree = "<group>"; };
		ACCCD7DB279C8199007F4379 /* SceneDelegate.swift */ = {isa = PBXFileReference; lastKnownFileType = sourcecode.swift; path = SceneDelegate.swift; sourceTree = "<group>"; };
		ACCCD7DD279C8199007F4379 /* ViewController.swift */ = {isa = PBXFileReference; lastKnownFileType = sourcecode.swift; path = ViewController.swift; sourceTree = "<group>"; };
		ACCCD7E0279C8199007F4379 /* Base */ = {isa = PBXFileReference; lastKnownFileType = file.storyboard; name = Base; path = Base.lproj/Main.storyboard; sourceTree = "<group>"; };
		ACCCD7E2279C819B007F4379 /* Assets.xcassets */ = {isa = PBXFileReference; lastKnownFileType = folder.assetcatalog; path = Assets.xcassets; sourceTree = "<group>"; };
		ACCCD7E5279C819B007F4379 /* Base */ = {isa = PBXFileReference; lastKnownFileType = file.storyboard; name = Base; path = Base.lproj/LaunchScreen.storyboard; sourceTree = "<group>"; };
		ACCCD7E7279C819B007F4379 /* Info.plist */ = {isa = PBXFileReference; lastKnownFileType = text.plist.xml; path = Info.plist; sourceTree = "<group>"; };
		ACCCD7F1279C85E4007F4379 /* utils.swift */ = {isa = PBXFileReference; lastKnownFileType = sourcecode.swift; path = utils.swift; sourceTree = "<group>"; };
		ACECC24F279CE71B007F16C2 /* RegisterViewController.swift */ = {isa = PBXFileReference; lastKnownFileType = sourcecode.swift; path = RegisterViewController.swift; sourceTree = "<group>"; };
		ACECC251279CE766007F16C2 /* headerImageSetter.swift */ = {isa = PBXFileReference; lastKnownFileType = sourcecode.swift; path = headerImageSetter.swift; sourceTree = "<group>"; };
		ACECC255279F3A99007F16C2 /* UsersModel.swift */ = {isa = PBXFileReference; lastKnownFileType = sourcecode.swift; path = UsersModel.swift; sourceTree = "<group>"; };
		ACECC257279F3AAC007F16C2 /* Books.swift */ = {isa = PBXFileReference; lastKnownFileType = sourcecode.swift; path = Books.swift; sourceTree = "<group>"; };
		ACECC259279F4EB0007F16C2 /* userDataBase.swift */ = {isa = PBXFileReference; lastKnownFileType = sourcecode.swift; path = userDataBase.swift; sourceTree = "<group>"; };
		ACECC2C2279F86EE007F16C2 /* LibraryViewController.swift */ = {isa = PBXFileReference; lastKnownFileType = sourcecode.swift; path = LibraryViewController.swift; sourceTree = "<group>"; };
		ACECC2C9279FAD49007F16C2 /* BookViewController.swift */ = {isa = PBXFileReference; lastKnownFileType = sourcecode.swift; path = BookViewController.swift; sourceTree = "<group>"; };
		ACECC2CC27A0513D007F16C2 /* LibraryCollectionCell.swift */ = {isa = PBXFileReference; lastKnownFileType = sourcecode.swift; path = LibraryCollectionCell.swift; sourceTree = "<group>"; };
		ACECC2CE27A0522A007F16C2 /* libraryDataBase.swift */ = {isa = PBXFileReference; lastKnownFileType = sourcecode.swift; path = libraryDataBase.swift; sourceTree = "<group>"; };
		ACECC2D027A081D5007F16C2 /* CategoriasCell.swift */ = {isa = PBXFileReference; lastKnownFileType = sourcecode.swift; path = CategoriasCell.swift; sourceTree = "<group>"; };
		ACFA37E927B17E6B00177CA3 /* HPManager.swift */ = {isa = PBXFileReference; lastKnownFileType = sourcecode.swift; path = HPManager.swift; sourceTree = "<group>"; };
		ACFA37EB27B19F3C00177CA3 /* charactersCell.swift */ = {isa = PBXFileReference; lastKnownFileType = sourcecode.swift; path = charactersCell.swift; sourceTree = "<group>"; };
		ACFA37ED27B1B9BE00177CA3 /* File.swift */ = {isa = PBXFileReference; lastKnownFileType = sourcecode.swift; path = File.swift; sourceTree = "<group>"; };
		ACFA37EF27B3447200177CA3 /* HouseManager.swift */ = {isa = PBXFileReference; lastKnownFileType = sourcecode.swift; path = HouseManager.swift; sourceTree = "<group>"; };
/* End PBXFileReference section */

/* Begin PBXFrameworksBuildPhase section */
		ACCCD7D3279C8199007F4379 /* Frameworks */ = {
			isa = PBXFrameworksBuildPhase;
			buildActionMask = 2147483647;
			files = (
			);
			runOnlyForDeploymentPostprocessing = 0;
		};
/* End PBXFrameworksBuildPhase section */

/* Begin PBXGroup section */
		ACCCD7CD279C8199007F4379 = {
			isa = PBXGroup;
			children = (
				ACCCD7D8279C8199007F4379 /* BookChallengue */,
				ACCCD7D7279C8199007F4379 /* Products */,
			);
			sourceTree = "<group>";
		};
		ACCCD7D7279C8199007F4379 /* Products */ = {
			isa = PBXGroup;
			children = (
				ACCCD7D6279C8199007F4379 /* BookChallengue.app */,
			);
			name = Products;
			sourceTree = "<group>";
		};
		ACCCD7D8279C8199007F4379 /* BookChallengue */ = {
			isa = PBXGroup;
			children = (
				ACCCD7F7279C88D6007F4379 /* Controller */,
				ACCCD7F6279C88D1007F4379 /* View */,
				ACCCD7F4279C88C0007F4379 /* Model */,
				ACCCD7F3279C85F0007F4379 /* Utilities */,
				ACCCD7D9279C8199007F4379 /* AppDelegate.swift */,
				ACCCD7DB279C8199007F4379 /* SceneDelegate.swift */,
				ACCCD7DF279C8199007F4379 /* Main.storyboard */,
				ACCCD7E2279C819B007F4379 /* Assets.xcassets */,
				ACCCD7E4279C819B007F4379 /* LaunchScreen.storyboard */,
				ACCCD7E7279C819B007F4379 /* Info.plist */,
			);
			path = BookChallengue;
			sourceTree = "<group>";
		};
		ACCCD7F3279C85F0007F4379 /* Utilities */ = {
			isa = PBXGroup;
			children = (
				ACECC251279CE766007F16C2 /* headerImageSetter.swift */,
				ACCCD7F1279C85E4007F4379 /* utils.swift */,
			);
			path = Utilities;
			sourceTree = "<group>";
		};
		ACCCD7F4279C88C0007F4379 /* Model */ = {
			isa = PBXGroup;
			children = (
				ACECC255279F3A99007F16C2 /* UsersModel.swift */,
				ACECC257279F3AAC007F16C2 /* Books.swift */,
				AC4AC38327AA2A4A0014542C /* BookManager.swift */,
				ACFA37E927B17E6B00177CA3 /* HPManager.swift */,
				ACFA37EF27B3447200177CA3 /* HouseManager.swift */,
				AC9E772727B0D32F00B7C408 /* CharactersModel.swift */,
				AC9E772B27B0D7CB00B7C408 /* CharacterData.swift */,
				AC9E772F27B0D8AF00B7C408 /* houseModel.swift */,
				AC4AC38527AA2A8E0014542C /* BookModel.swift */,
				AC4AC38727AA2AAD0014542C /* BookData.swift */,
			);
			path = Model;
			sourceTree = "<group>";
		};
		ACCCD7F6279C88D1007F4379 /* View */ = {
			isa = PBXGroup;
			children = (
				ACECC2CB27A05103007F16C2 /* SubViewa */,
				ACCCD7DD279C8199007F4379 /* ViewController.swift */,
				ACECC24F279CE71B007F16C2 /* RegisterViewController.swift */,
				ACECC2C2279F86EE007F16C2 /* LibraryViewController.swift */,
				ACFA37ED27B1B9BE00177CA3 /* File.swift */,
				ACECC2C9279FAD49007F16C2 /* BookViewController.swift */,
			);
			path = View;
			sourceTree = "<group>";
		};
		ACCCD7F7279C88D6007F4379 /* Controller */ = {
			isa = PBXGroup;
			children = (
				ACECC259279F4EB0007F16C2 /* userDataBase.swift */,
				ACECC2CE27A0522A007F16C2 /* libraryDataBase.swift */,
			);
			path = Controller;
			sourceTree = "<group>";
		};
		ACECC2CB27A05103007F16C2 /* SubViewa */ = {
			isa = PBXGroup;
			children = (
				ACECC2CC27A0513D007F16C2 /* LibraryCollectionCell.swift */,
				ACECC2D027A081D5007F16C2 /* CategoriasCell.swift */,
				ACFA37EB27B19F3C00177CA3 /* charactersCell.swift */,
				AC9E772327B0AF2700B7C408 /* author.swift */,
			);
			path = SubViewa;
			sourceTree = "<group>";
		};
/* End PBXGroup section */

/* Begin PBXNativeTarget section */
		ACCCD7D5279C8199007F4379 /* BookChallengue */ = {
			isa = PBXNativeTarget;
			buildConfigurationList = ACCCD7EA279C819B007F4379 /* Build configuration list for PBXNativeTarget "BookChallengue" */;
			buildPhases = (
				ACCCD7D2279C8199007F4379 /* Sources */,
				ACCCD7D3279C8199007F4379 /* Frameworks */,
				ACCCD7D4279C8199007F4379 /* Resources */,
			);
			buildRules = (
			);
			dependencies = (
			);
			name = BookChallengue;
			productName = BookChallengue;
			productReference = ACCCD7D6279C8199007F4379 /* BookChallengue.app */;
			productType = "com.apple.product-type.application";
		};
/* End PBXNativeTarget section */

/* Begin PBXProject section */
		ACCCD7CE279C8199007F4379 /* Project object */ = {
			isa = PBXProject;
			attributes = {
				BuildIndependentTargetsInParallel = 1;
				LastSwiftUpdateCheck = 1310;
				LastUpgradeCheck = 1310;
				TargetAttributes = {
					ACCCD7D5279C8199007F4379 = {
						CreatedOnToolsVersion = 13.1;
					};
				};
			};
			buildConfigurationList = ACCCD7D1279C8199007F4379 /* Build configuration list for PBXProject "BookChallengue" */;
			compatibilityVersion = "Xcode 13.0";
			developmentRegion = en;
			hasScannedForEncodings = 0;
			knownRegions = (
				en,
				Base,
			);
			mainGroup = ACCCD7CD279C8199007F4379;
			productRefGroup = ACCCD7D7279C8199007F4379 /* Products */;
			projectDirPath = "";
			projectRoot = "";
			targets = (
				ACCCD7D5279C8199007F4379 /* BookChallengue */,
			);
		};
/* End PBXProject section */

/* Begin PBXResourcesBuildPhase section */
		ACCCD7D4279C8199007F4379 /* Resources */ = {
			isa = PBXResourcesBuildPhase;
			buildActionMask = 2147483647;
			files = (
				ACCCD7E6279C819B007F4379 /* LaunchScreen.storyboard in Resources */,
				ACCCD7E3279C819B007F4379 /* Assets.xcassets in Resources */,
				ACCCD7E1279C8199007F4379 /* Main.storyboard in Resources */,
			);
			runOnlyForDeploymentPostprocessing = 0;
		};
/* End PBXResourcesBuildPhase section */

/* Begin PBXSourcesBuildPhase section */
		ACCCD7D2279C8199007F4379 /* Sources */ = {
			isa = PBXSourcesBuildPhase;
			buildActionMask = 2147483647;
			files = (
				ACECC250279CE71B007F16C2 /* RegisterViewController.swift in Sources */,
				AC4AC38827AA2AAD0014542C /* BookData.swift in Sources */,
				ACECC2D127A081D5007F16C2 /* CategoriasCell.swift in Sources */,
				ACCCD7DE279C8199007F4379 /* ViewController.swift in Sources */,
				AC4AC38427AA2A4A0014542C /* BookManager.swift in Sources */,
				ACFA37EA27B17E6B00177CA3 /* HPManager.swift in Sources */,
				ACECC252279CE766007F16C2 /* headerImageSetter.swift in Sources */,
				ACECC2CF27A0522B007F16C2 /* libraryDataBase.swift in Sources */,
				AC4AC38627AA2A8E0014542C /* BookModel.swift in Sources */,
				ACECC2CD27A0513D007F16C2 /* LibraryCollectionCell.swift in Sources */,
				AC9E773027B0D8AF00B7C408 /* houseModel.swift in Sources */,
				ACECC2CA279FAD49007F16C2 /* BookViewController.swift in Sources */,
				ACCCD7DA279C8199007F4379 /* AppDelegate.swift in Sources */,
				ACFA37EE27B1B9BE00177CA3 /* File.swift in Sources */,
				ACFA37EC27B19F3C00177CA3 /* charactersCell.swift in Sources */,
				AC9E772C27B0D7CB00B7C408 /* CharacterData.swift in Sources */,
				ACECC258279F3AAC007F16C2 /* Books.swift in Sources */,
				AC9E772827B0D32F00B7C408 /* CharactersModel.swift in Sources */,
				ACCCD7DC279C8199007F4379 /* SceneDelegate.swift in Sources */,
				ACECC2C3279F86EF007F16C2 /* LibraryViewController.swift in Sources */,
				ACECC25A279F4EB1007F16C2 /* userDataBase.swift in Sources */,
				ACCCD7F2279C85E4007F4379 /* utils.swift in Sources */,
				AC9E772427B0AF2800B7C408 /* author.swift in Sources */,
				ACFA37F027B3447200177CA3 /* HouseManager.swift in Sources */,
				ACECC256279F3A99007F16C2 /* UsersModel.swift in Sources */,
			);
			runOnlyForDeploymentPostprocessing = 0;
		};
/* End PBXSourcesBuildPhase section */

/* Begin PBXVariantGroup section */
		ACCCD7DF279C8199007F4379 /* Main.storyboard */ = {
			isa = PBXVariantGroup;
			children = (
				ACCCD7E0279C8199007F4379 /* Base */,
			);
			name = Main.storyboard;
			sourceTree = "<group>";
		};
		ACCCD7E4279C819B007F4379 /* LaunchScreen.storyboard */ = {
			isa = PBXVariantGroup;
			children = (
				ACCCD7E5279C819B007F4379 /* Base */,
			);
			name = LaunchScreen.storyboard;
			sourceTree = "<group>";
		};
/* End PBXVariantGroup section */

/* Begin XCBuildConfiguration section */
		ACCCD7E8279C819B007F4379 /* Debug */ = {
			isa = XCBuildConfiguration;
			buildSettings = {
				ALWAYS_SEARCH_USER_PATHS = NO;
				CLANG_ANALYZER_NONNULL = YES;
				CLANG_ANALYZER_NUMBER_OBJECT_CONVERSION = YES_AGGRESSIVE;
				CLANG_CXX_LANGUAGE_STANDARD = "gnu++17";
				CLANG_CXX_LIBRARY = "libc++";
				CLANG_ENABLE_MODULES = YES;
				CLANG_ENABLE_OBJC_ARC = YES;
				CLANG_ENABLE_OBJC_WEAK = YES;
				CLANG_WARN_BLOCK_CAPTURE_AUTORELEASING = YES;
				CLANG_WARN_BOOL_CONVERSION = YES;
				CLANG_WARN_COMMA = YES;
				CLANG_WARN_CONSTANT_CONVERSION = YES;
				CLANG_WARN_DEPRECATED_OBJC_IMPLEMENTATIONS = YES;
				CLANG_WARN_DIRECT_OBJC_ISA_USAGE = YES_ERROR;
				CLANG_WARN_DOCUMENTATION_COMMENTS = YES;
				CLANG_WARN_EMPTY_BODY = YES;
				CLANG_WARN_ENUM_CONVERSION = YES;
				CLANG_WARN_INFINITE_RECURSION = YES;
				CLANG_WARN_INT_CONVERSION = YES;
				CLANG_WARN_NON_LITERAL_NULL_CONVERSION = YES;
				CLANG_WARN_OBJC_IMPLICIT_RETAIN_SELF = YES;
				CLANG_WARN_OBJC_LITERAL_CONVERSION = YES;
				CLANG_WARN_OBJC_ROOT_CLASS = YES_ERROR;
				CLANG_WARN_QUOTED_INCLUDE_IN_FRAMEWORK_HEADER = YES;
				CLANG_WARN_RANGE_LOOP_ANALYSIS = YES;
				CLANG_WARN_STRICT_PROTOTYPES = YES;
				CLANG_WARN_SUSPICIOUS_MOVE = YES;
				CLANG_WARN_UNGUARDED_AVAILABILITY = YES_AGGRESSIVE;
				CLANG_WARN_UNREACHABLE_CODE = YES;
				CLANG_WARN__DUPLICATE_METHOD_MATCH = YES;
				COPY_PHASE_STRIP = NO;
				DEBUG_INFORMATION_FORMAT = dwarf;
				ENABLE_STRICT_OBJC_MSGSEND = YES;
				ENABLE_TESTABILITY = YES;
				GCC_C_LANGUAGE_STANDARD = gnu11;
				GCC_DYNAMIC_NO_PIC = NO;
				GCC_NO_COMMON_BLOCKS = YES;
				GCC_OPTIMIZATION_LEVEL = 0;
				GCC_PREPROCESSOR_DEFINITIONS = (
					"DEBUG=1",
					"$(inherited)",
				);
				GCC_WARN_64_TO_32_BIT_CONVERSION = YES;
				GCC_WARN_ABOUT_RETURN_TYPE = YES_ERROR;
				GCC_WARN_UNDECLARED_SELECTOR = YES;
				GCC_WARN_UNINITIALIZED_AUTOS = YES_AGGRESSIVE;
				GCC_WARN_UNUSED_FUNCTION = YES;
				GCC_WARN_UNUSED_VARIABLE = YES;
				IPHONEOS_DEPLOYMENT_TARGET = 15.0;
				MTL_ENABLE_DEBUG_INFO = INCLUDE_SOURCE;
				MTL_FAST_MATH = YES;
				ONLY_ACTIVE_ARCH = YES;
				SDKROOT = iphoneos;
				SWIFT_ACTIVE_COMPILATION_CONDITIONS = DEBUG;
				SWIFT_OPTIMIZATION_LEVEL = "-Onone";
			};
			name = Debug;
		};
		ACCCD7E9279C819B007F4379 /* Release */ = {
			isa = XCBuildConfiguration;
			buildSettings = {
				ALWAYS_SEARCH_USER_PATHS = NO;
				CLANG_ANALYZER_NONNULL = YES;
				CLANG_ANALYZER_NUMBER_OBJECT_CONVERSION = YES_AGGRESSIVE;
				CLANG_CXX_LANGUAGE_STANDARD = "gnu++17";
				CLANG_CXX_LIBRARY = "libc++";
				CLANG_ENABLE_MODULES = YES;
				CLANG_ENABLE_OBJC_ARC = YES;
				CLANG_ENABLE_OBJC_WEAK = YES;
				CLANG_WARN_BLOCK_CAPTURE_AUTORELEASING = YES;
				CLANG_WARN_BOOL_CONVERSION = YES;
				CLANG_WARN_COMMA = YES;
				CLANG_WARN_CONSTANT_CONVERSION = YES;
				CLANG_WARN_DEPRECATED_OBJC_IMPLEMENTATIONS = YES;
				CLANG_WARN_DIRECT_OBJC_ISA_USAGE = YES_ERROR;
				CLANG_WARN_DOCUMENTATION_COMMENTS = YES;
				CLANG_WARN_EMPTY_BODY = YES;
				CLANG_WARN_ENUM_CONVERSION = YES;
				CLANG_WARN_INFINITE_RECURSION = YES;
				CLANG_WARN_INT_CONVERSION = YES;
				CLANG_WARN_NON_LITERAL_NULL_CONVERSION = YES;
				CLANG_WARN_OBJC_IMPLICIT_RETAIN_SELF = YES;
				CLANG_WARN_OBJC_LITERAL_CONVERSION = YES;
				CLANG_WARN_OBJC_ROOT_CLASS = YES_ERROR;
				CLANG_WARN_QUOTED_INCLUDE_IN_FRAMEWORK_HEADER = YES;
				CLANG_WARN_RANGE_LOOP_ANALYSIS = YES;
				CLANG_WARN_STRICT_PROTOTYPES = YES;
				CLANG_WARN_SUSPICIOUS_MOVE = YES;
				CLANG_WARN_UNGUARDED_AVAILABILITY = YES_AGGRESSIVE;
				CLANG_WARN_UNREACHABLE_CODE = YES;
				CLANG_WARN__DUPLICATE_METHOD_MATCH = YES;
				COPY_PHASE_STRIP = NO;
				DEBUG_INFORMATION_FORMAT = "dwarf-with-dsym";
				ENABLE_NS_ASSERTIONS = NO;
				ENABLE_STRICT_OBJC_MSGSEND = YES;
				GCC_C_LANGUAGE_STANDARD = gnu11;
				GCC_NO_COMMON_BLOCKS = YES;
				GCC_WARN_64_TO_32_BIT_CONVERSION = YES;
				GCC_WARN_ABOUT_RETURN_TYPE = YES_ERROR;
				GCC_WARN_UNDECLARED_SELECTOR = YES;
				GCC_WARN_UNINITIALIZED_AUTOS = YES_AGGRESSIVE;
				GCC_WARN_UNUSED_FUNCTION = YES;
				GCC_WARN_UNUSED_VARIABLE = YES;
				IPHONEOS_DEPLOYMENT_TARGET = 15.0;
				MTL_ENABLE_DEBUG_INFO = NO;
				MTL_FAST_MATH = YES;
				SDKROOT = iphoneos;
				SWIFT_COMPILATION_MODE = wholemodule;
				SWIFT_OPTIMIZATION_LEVEL = "-O";
				VALIDATE_PRODUCT = YES;
			};
			name = Release;
		};
		ACCCD7EB279C819B007F4379 /* Debug */ = {
			isa = XCBuildConfiguration;
			buildSettings = {
				ASSETCATALOG_COMPILER_APPICON_NAME = AppIcon;
				ASSETCATALOG_COMPILER_GLOBAL_ACCENT_COLOR_NAME = AccentColor;
				CODE_SIGN_STYLE = Automatic;
				CURRENT_PROJECT_VERSION = 1;
				DEVELOPMENT_TEAM = 47KS2LGPM3;
				GENERATE_INFOPLIST_FILE = YES;
				INFOPLIST_FILE = BookChallengue/Info.plist;
				INFOPLIST_KEY_UIApplicationSupportsIndirectInputEvents = YES;
				INFOPLIST_KEY_UILaunchStoryboardName = LaunchScreen;
				INFOPLIST_KEY_UIMainStoryboardFile = Main;
				INFOPLIST_KEY_UISupportedInterfaceOrientations_iPad = "UIInterfaceOrientationPortrait UIInterfaceOrientationPortraitUpsideDown UIInterfaceOrientationLandscapeLeft UIInterfaceOrientationLandscapeRight";
				INFOPLIST_KEY_UISupportedInterfaceOrientations_iPhone = "UIInterfaceOrientationPortrait UIInterfaceOrientationLandscapeLeft UIInterfaceOrientationLandscapeRight";
				LD_RUNPATH_SEARCH_PATHS = (
					"$(inherited)",
					"@executable_path/Frameworks",
				);
				MARKETING_VERSION = 1.0;
				PRODUCT_BUNDLE_IDENTIFIER = com.jonathanavila.BookChallengue;
				PRODUCT_NAME = "$(TARGET_NAME)";
				SWIFT_EMIT_LOC_STRINGS = YES;
				SWIFT_VERSION = 5.0;
				TARGETED_DEVICE_FAMILY = 1;
			};
			name = Debug;
		};
		ACCCD7EC279C819B007F4379 /* Release */ = {
			isa = XCBuildConfiguration;
			buildSettings = {
				ASSETCATALOG_COMPILER_APPICON_NAME = AppIcon;
				ASSETCATALOG_COMPILER_GLOBAL_ACCENT_COLOR_NAME = AccentColor;
				CODE_SIGN_STYLE = Automatic;
				CURRENT_PROJECT_VERSION = 1;
				DEVELOPMENT_TEAM = 47KS2LGPM3;
				GENERATE_INFOPLIST_FILE = YES;
				INFOPLIST_FILE = BookChallengue/Info.plist;
				INFOPLIST_KEY_UIApplicationSupportsIndirectInputEvents = YES;
				INFOPLIST_KEY_UILaunchStoryboardName = LaunchScreen;
				INFOPLIST_KEY_UIMainStoryboardFile = Main;
				INFOPLIST_KEY_UISupportedInterfaceOrientations_iPad = "UIInterfaceOrientationPortrait UIInterfaceOrientationPortraitUpsideDown UIInterfaceOrientationLandscapeLeft UIInterfaceOrientationLandscapeRight";
				INFOPLIST_KEY_UISupportedInterfaceOrientations_iPhone = "UIInterfaceOrientationPortrait UIInterfaceOrientationLandscapeLeft UIInterfaceOrientationLandscapeRight";
				LD_RUNPATH_SEARCH_PATHS = (
					"$(inherited)",
					"@executable_path/Frameworks",
				);
				MARKETING_VERSION = 1.0;
				PRODUCT_BUNDLE_IDENTIFIER = com.jonathanavila.BookChallengue;
				PRODUCT_NAME = "$(TARGET_NAME)";
				SWIFT_EMIT_LOC_STRINGS = YES;
				SWIFT_VERSION = 5.0;
				TARGETED_DEVICE_FAMILY = 1;
			};
			name = Release;
		};
/* End XCBuildConfiguration section */

/* Begin XCConfigurationList section */
		ACCCD7D1279C8199007F4379 /* Build configuration list for PBXProject "BookChallengue" */ = {
			isa = XCConfigurationList;
			buildConfigurations = (
				ACCCD7E8279C819B007F4379 /* Debug */,
				ACCCD7E9279C819B007F4379 /* Release */,
			);
			defaultConfigurationIsVisible = 0;
			defaultConfigurationName = Release;
		};
		ACCCD7EA279C819B007F4379 /* Build configuration list for PBXNativeTarget "BookChallengue" */ = {
			isa = XCConfigurationList;
			buildConfigurations = (
				ACCCD7EB279C819B007F4379 /* Debug */,
				ACCCD7EC279C819B007F4379 /* Release */,
			);
			defaultConfigurationIsVisible = 0;
			defaultConfigurationName = Release;
		};
/* End XCConfigurationList section */
	};
	rootObject = ACCCD7CE279C8199007F4379 /* Project object */;
}
